<?xml version="1.0" encoding="utf-8"?>
<Project ToolsVersion="4.0" xmlns="http://schemas.microsoft.com/developer/msbuild/2003">
  <ItemGroup>
    <Filter Include="Source Files">
      <UniqueIdentifier>{4FC737F1-C7A5-4376-A066-2A32D752A2FF}</UniqueIdentifier>
      <Extensions>cpp;c;cc;cxx;def;odl;idl;hpj;bat;asm;asmx</Extensions>
    </Filter>
    <Filter Include="Header Files">
      <UniqueIdentifier>{93995380-89BD-4b04-88EB-625FBE52EBFB}</UniqueIdentifier>
      <Extensions>h;hh;hpp;hxx;hm;inl;inc;xsd</Extensions>
    </Filter>
    <Filter Include="Resource Files">
      <UniqueIdentifier>{67DA6AB6-F800-4c08-8B7A-83BB121AAD01}</UniqueIdentifier>
      <Extensions>rc;ico;cur;bmp;dlg;rc2;rct;bin;rgs;gif;jpg;jpeg;jpe;resx;tiff;tif;png;wav;mfcribbon-ms</Extensions>
    </Filter>
    <Filter Include="Yocto">
      <UniqueIdentifier>{2698675b-dd6b-4600-9592-f38acf4554ac}</UniqueIdentifier>
    </Filter>
  </ItemGroup>
  <ItemGroup>
    <Text Include="ReadMe.txt" />
  </ItemGroup>
  <ItemGroup>
    <ClCompile Include="MonitorDDC.cpp">
      <Filter>Source Files</Filter>
    </ClCompile>
    <ClCompile Include="YoctoLib.cpp\Sources\yocto_lightsensor.cpp">
      <Filter>Yocto</Filter>
    </ClCompile>
    <ClCompile Include="YoctoLib.cpp\Sources\yapi\yapi.c">
      <Filter>Yocto</Filter>
    </ClCompile>
    <ClCompile Include="YoctoLib.cpp\Sources\yapi\yfifo.c">
      <Filter>Yocto</Filter>
    </ClCompile>
    <ClCompile Include="YoctoLib.cpp\Sources\yapi\yhash.c">
      <Filter>Yocto</Filter>
    </ClCompile>
    <ClCompile Include="YoctoLib.cpp\Sources\yapi\yjson.c">
      <Filter>Yocto</Filter>
    </ClCompile>
    <ClCompile Include="YoctoLib.cpp\Sources\yapi\ykey.c">
      <Filter>Yocto</Filter>
    </ClCompile>
    <ClCompile Include="YoctoLib.cpp\Sources\yapi\ymemory.c">
      <Filter>Yocto</Filter>
    </ClCompile>
    <ClCompile Include="YoctoLib.cpp\Sources\yapi\ypkt_win.c">
      <Filter>Yocto</Filter>
    </ClCompile>
    <ClCompile Include="YoctoLib.cpp\Sources\yapi\yprog.c">
      <Filter>Yocto</Filter>
    </ClCompile>
    <ClCompile Include="YoctoLib.cpp\Sources\yapi\ystream.c">
      <Filter>Yocto</Filter>
    </ClCompile>
    <ClCompile Include="YoctoLib.cpp\Sources\yapi\ythread.c">
      <Filter>Yocto</Filter>
    </ClCompile>
    <ClCompile Include="YoctoLib.cpp\Sources\yapi\ytcp.c">
      <Filter>Yocto</Filter>
    </ClCompile>
    <ClCompile Include="YoctoLib.cpp\Sources\yocto_api.cpp">
      <Filter>Yocto</Filter>
    </ClCompile>
  </ItemGroup>
  <ItemGroup>
    <ClInclude Include="LimitSingleInstance.h">
      <Filter>Header Files</Filter>
    </ClInclude>
  </ItemGroup>
</Project>